
Microsoft Visual Studio Solution File, Format Version 12.00
# Visual Studio Version 16
VisualStudioVersion = 16.0.31005.135
MinimumVisualStudioVersion = 10.0.40219.1
Project("{FAE04EC0-301F-11D3-BF4B-00C04F79EFBC}") = "JeuDuPendu", "JeuDuPendu.csproj", "{35C2777A-82FC-4CF0-BC14-8BC481E30AE4}"
EndProject
Global
	GlobalSection(SolutionConfigurationPlatforms) = preSolution
		Debug|Any CPU = Debug|Any CPU
		Release|Any CPU = Release|Any CPU
	EndGlobalSection
	GlobalSection(ProjectConfigurationPlatforms) = postSolution
		{35C2777A-82FC-4CF0-BC14-8BC481E30AE4}.Debug|Any CPU.ActiveCfg = Debug|Any CPU
		{35C2777A-82FC-4CF0-BC14-8BC481E30AE4}.Debug|Any CPU.Build.0 = Debug|Any CPU
		{35C2777A-82FC-4CF0-BC14-8BC481E30AE4}.Release|Any CPU.ActiveCfg = Release|Any CPU
		{35C2777A-82FC-4CF0-BC14-8BC481E30AE4}.Release|Any CPU.Build.0 = Release|Any CPU
	EndGlobalSection
	GlobalSection(SolutionProperties) = preSolution
		HideSolutionNode = FALSE
	EndGlobalSection
	GlobalSection(ExtensibilityGlobals) = postSolution
		SolutionGuid = {5E17D636-097E-4865-8802-ECF74A868F46}
	EndGlobalSection
EndGlobal
